
Microsoft Visual Studio Solution File, Format Version 12.00
# Visual Studio Version 16
VisualStudioVersion = 16.0.29709.97
MinimumVisualStudioVersion = 10.0.40219.1
Project("{FAE04EC0-301F-11D3-BF4B-00C04F79EFBC}") = "NotesApp.UWP", "NotesApp\NotesApp.UWP\NotesApp.UWP.csproj", "{903FC808-C579-4D50-A1B6-6169C39F91C6}"
EndProject
Project("{FAE04EC0-301F-11D3-BF4B-00C04F79EFBC}") = "NotesApp.Android", "NotesApp\NotesApp.Android\NotesApp.Android.csproj", "{C861D764-C2AC-4952-86AF-FC209FA47DAA}"
EndProject
Project("{FAE04EC0-301F-11D3-BF4B-00C04F79EFBC}") = "NotesApp.iOS", "NotesApp\NotesApp.iOS\NotesApp.iOS.csproj", "{38C87877-BDED-46DB-AF5E-AA62F832ED48}"
EndProject
Project("{FAE04EC0-301F-11D3-BF4B-00C04F79EFBC}") = "NotesApp", "NotesApp\NotesApp\NotesApp.csproj", "{8130C8C7-1B99-4892-AA7C-EA93C88222A9}"
EndProject
Global
	GlobalSection(SolutionConfigurationPlatforms) = preSolution
		Debug|Any CPU = Debug|Any CPU
		Debug|ARM = Debug|ARM
		Debug|iPhone = Debug|iPhone
		Debug|iPhoneSimulator = Debug|iPhoneSimulator
		Debug|x64 = Debug|x64
		Debug|x86 = Debug|x86
		Release|Any CPU = Release|Any CPU
		Release|ARM = Release|ARM
		Release|iPhone = Release|iPhone
		Release|iPhoneSimulator = Release|iPhoneSimulator
		Release|x64 = Release|x64
		Release|x86 = Release|x86
	EndGlobalSection
	GlobalSection(ProjectConfigurationPlatforms) = postSolution
		{903FC808-C579-4D50-A1B6-6169C39F91C6}.Debug|Any CPU.ActiveCfg = Debug|x86
		{903FC808-C579-4D50-A1B6-6169C39F91C6}.Debug|Any CPU.Build.0 = Debug|x86
		{903FC808-C579-4D50-A1B6-6169C39F91C6}.Debug|Any CPU.Deploy.0 = Debug|x86
		{903FC808-C579-4D50-A1B6-6169C39F91C6}.Debug|ARM.ActiveCfg = Debug|ARM
		{903FC808-C579-4D50-A1B6-6169C39F91C6}.Debug|ARM.Build.0 = Debug|ARM
		{903FC808-C579-4D50-A1B6-6169C39F91C6}.Debug|ARM.Deploy.0 = Debug|ARM
		{903FC808-C579-4D50-A1B6-6169C39F91C6}.Debug|iPhone.ActiveCfg = Debug|x86
		{903FC808-C579-4D50-A1B6-6169C39F91C6}.Debug|iPhone.Build.0 = Debug|x86
		{903FC808-C579-4D50-A1B6-6169C39F91C6}.Debug|iPhone.Deploy.0 = Debug|x86
		{903FC808-C579-4D50-A1B6-6169C39F91C6}.Debug|iPhoneSimulator.ActiveCfg = Debug|x86
		{903FC808-C579-4D50-A1B6-6169C39F91C6}.Debug|iPhoneSimulator.Build.0 = Debug|x86
		{903FC808-C579-4D50-A1B6-6169C39F91C6}.Debug|iPhoneSimulator.Deploy.0 = Debug|x86
		{903FC808-C579-4D50-A1B6-6169C39F91C6}.Debug|x64.ActiveCfg = Debug|x64
		{903FC808-C579-4D50-A1B6-6169C39F91C6}.Debug|x64.Build.0 = Debug|x64
		{903FC808-C579-4D50-A1B6-6169C39F91C6}.Debug|x64.Deploy.0 = Debug|x64
		{903FC808-C579-4D50-A1B6-6169C39F91C6}.Debug|x86.ActiveCfg = Debug|x86
		{903FC808-C579-4D50-A1B6-6169C39F91C6}.Debug|x86.Build.0 = Debug|x86
		{903FC808-C579-4D50-A1B6-6169C39F91C6}.Debug|x86.Deploy.0 = Debug|x86
		{903FC808-C579-4D50-A1B6-6169C39F91C6}.Release|Any CPU.ActiveCfg = Release|x86
		{903FC808-C579-4D50-A1B6-6169C39F91C6}.Release|Any CPU.Build.0 = Release|x86
		{903FC808-C579-4D50-A1B6-6169C39F91C6}.Release|Any CPU.Deploy.0 = Release|x86
		{903FC808-C579-4D50-A1B6-6169C39F91C6}.Release|ARM.ActiveCfg = Release|ARM
		{903FC808-C579-4D50-A1B6-6169C39F91C6}.Release|ARM.Build.0 = Release|ARM
		{903FC808-C579-4D50-A1B6-6169C39F91C6}.Release|ARM.Deploy.0 = Release|ARM
		{903FC808-C579-4D50-A1B6-6169C39F91C6}.Release|iPhone.ActiveCfg = Release|x86
		{903FC808-C579-4D50-A1B6-6169C39F91C6}.Release|iPhone.Build.0 = Release|x86
		{903FC808-C579-4D50-A1B6-6169C39F91C6}.Release|iPhone.Deploy.0 = Release|x86
		{903FC808-C579-4D50-A1B6-6169C39F91C6}.Release|iPhoneSimulator.ActiveCfg = Release|x86
		{903FC808-C579-4D50-A1B6-6169C39F91C6}.Release|iPhoneSimulator.Build.0 = Release|x86
		{903FC808-C579-4D50-A1B6-6169C39F91C6}.Release|iPhoneSimulator.Deploy.0 = Release|x86
		{903FC808-C579-4D50-A1B6-6169C39F91C6}.Release|x64.ActiveCfg = Release|x64
		{903FC808-C579-4D50-A1B6-6169C39F91C6}.Release|x64.Build.0 = Release|x64
		{903FC808-C579-4D50-A1B6-6169C39F91C6}.Release|x64.Deploy.0 = Release|x64
		{903FC808-C579-4D50-A1B6-6169C39F91C6}.Release|x86.ActiveCfg = Release|x86
		{903FC808-C579-4D50-A1B6-6169C39F91C6}.Release|x86.Build.0 = Release|x86
		{903FC808-C579-4D50-A1B6-6169C39F91C6}.Release|x86.Deploy.0 = Release|x86
		{C861D764-C2AC-4952-86AF-FC209FA47DAA}.Debug|Any CPU.ActiveCfg = Debug|Any CPU
		{C861D764-C2AC-4952-86AF-FC209FA47DAA}.Debug|Any CPU.Build.0 = Debug|Any CPU
		{C861D764-C2AC-4952-86AF-FC209FA47DAA}.Debug|Any CPU.Deploy.0 = Debug|Any CPU
		{C861D764-C2AC-4952-86AF-FC209FA47DAA}.Debug|ARM.ActiveCfg = Debug|Any CPU
		{C861D764-C2AC-4952-86AF-FC209FA47DAA}.Debug|ARM.Build.0 = Debug|Any CPU
		{C861D764-C2AC-4952-86AF-FC209FA47DAA}.Debug|ARM.Deploy.0 = Debug|Any CPU
		{C861D764-C2AC-4952-86AF-FC209FA47DAA}.Debug|iPhone.ActiveCfg = Debug|Any CPU
		{C861D764-C2AC-4952-86AF-FC209FA47DAA}.Debug|iPhone.Build.0 = Debug|Any CPU
		{C861D764-C2AC-4952-86AF-FC209FA47DAA}.Debug|iPhone.Deploy.0 = Debug|Any CPU
		{C861D764-C2AC-4952-86AF-FC209FA47DAA}.Debug|iPhoneSimulator.ActiveCfg = Debug|Any CPU
		{C861D764-C2AC-4952-86AF-FC209FA47DAA}.Debug|iPhoneSimulator.Build.0 = Debug|Any CPU
		{C861D764-C2AC-4952-86AF-FC209FA47DAA}.Debug|iPhoneSimulator.Deploy.0 = Debug|Any CPU
		{C861D764-C2AC-4952-86AF-FC209FA47DAA}.Debug|x64.ActiveCfg = Debug|Any CPU
		{C861D764-C2AC-4952-86AF-FC209FA47DAA}.Debug|x64.Build.0 = Debug|Any CPU
		{C861D764-C2AC-4952-86AF-FC209FA47DAA}.Debug|x64.Deploy.0 = Debug|Any CPU
		{C861D764-C2AC-4952-86AF-FC209FA47DAA}.Debug|x86.ActiveCfg = Debug|Any CPU
		{C861D764-C2AC-4952-86AF-FC209FA47DAA}.Debug|x86.Build.0 = Debug|Any CPU
		{C861D764-C2AC-4952-86AF-FC209FA47DAA}.Debug|x86.Deploy.0 = Debug|Any CPU
		{C861D764-C2AC-4952-86AF-FC209FA47DAA}.Release|Any CPU.ActiveCfg = Release|Any CPU
		{C861D764-C2AC-4952-86AF-FC209FA47DAA}.Release|Any CPU.Build.0 = Release|Any CPU
		{C861D764-C2AC-4952-86AF-FC209FA47DAA}.Release|Any CPU.Deploy.0 = Release|Any CPU
		{C861D764-C2AC-4952-86AF-FC209FA47DAA}.Release|ARM.ActiveCfg = Release|Any CPU
		{C861D764-C2AC-4952-86AF-FC209FA47DAA}.Release|ARM.Build.0 = Release|Any CPU
		{C861D764-C2AC-4952-86AF-FC209FA47DAA}.Release|ARM.Deploy.0 = Release|Any CPU
		{C861D764-C2AC-4952-86AF-FC209FA47DAA}.Release|iPhone.ActiveCfg = Release|Any CPU
		{C861D764-C2AC-4952-86AF-FC209FA47DAA}.Release|iPhone.Build.0 = Release|Any CPU
		{C861D764-C2AC-4952-86AF-FC209FA47DAA}.Release|iPhone.Deploy.0 = Release|Any CPU
		{C861D764-C2AC-4952-86AF-FC209FA47DAA}.Release|iPhoneSimulator.ActiveCfg = Release|Any CPU
		{C861D764-C2AC-4952-86AF-FC209FA47DAA}.Release|iPhoneSimulator.Build.0 = Release|Any CPU
		{C861D764-C2AC-4952-86AF-FC209FA47DAA}.Release|iPhoneSimulator.Deploy.0 = Release|Any CPU
		{C861D764-C2AC-4952-86AF-FC209FA47DAA}.Release|x64.ActiveCfg = Release|Any CPU
		{C861D764-C2AC-4952-86AF-FC209FA47DAA}.Release|x64.Build.0 = Release|Any CPU
		{C861D764-C2AC-4952-86AF-FC209FA47DAA}.Release|x64.Deploy.0 = Release|Any CPU
		{C861D764-C2AC-4952-86AF-FC209FA47DAA}.Release|x86.ActiveCfg = Release|Any CPU
		{C861D764-C2AC-4952-86AF-FC209FA47DAA}.Release|x86.Build.0 = Release|Any CPU
		{C861D764-C2AC-4952-86AF-FC209FA47DAA}.Release|x86.Deploy.0 = Release|Any CPU
		{38C87877-BDED-46DB-AF5E-AA62F832ED48}.Debug|Any CPU.ActiveCfg = Debug|iPhone
		{38C87877-BDED-46DB-AF5E-AA62F832ED48}.Debug|Any CPU.Build.0 = Debug|iPhone
		{38C87877-BDED-46DB-AF5E-AA62F832ED48}.Debug|Any CPU.Deploy.0 = Debug|iPhone
		{38C87877-BDED-46DB-AF5E-AA62F832ED48}.Debug|ARM.ActiveCfg = Debug|iPhoneSimulator
		{38C87877-BDED-46DB-AF5E-AA62F832ED48}.Debug|ARM.Build.0 = Debug|iPhoneSimulator
		{38C87877-BDED-46DB-AF5E-AA62F832ED48}.Debug|ARM.Deploy.0 = Debug|iPhoneSimulator
		{38C87877-BDED-46DB-AF5E-AA62F832ED48}.Debug|iPhone.ActiveCfg = Debug|iPhone
		{38C87877-BDED-46DB-AF5E-AA62F832ED48}.Debug|iPhone.Build.0 = Debug|iPhone
		{38C87877-BDED-46DB-AF5E-AA62F832ED48}.Debug|iPhone.Deploy.0 = Debug|iPhone
		{38C87877-BDED-46DB-AF5E-AA62F832ED48}.Debug|iPhoneSimulator.ActiveCfg = Debug|iPhoneSimulator
		{38C87877-BDED-46DB-AF5E-AA62F832ED48}.Debug|iPhoneSimulator.Build.0 = Debug|iPhoneSimulator
		{38C87877-BDED-46DB-AF5E-AA62F832ED48}.Debug|iPhoneSimulator.Deploy.0 = Debug|iPhoneSimulator
		{38C87877-BDED-46DB-AF5E-AA62F832ED48}.Debug|x64.ActiveCfg = Debug|iPhone
		{38C87877-BDED-46DB-AF5E-AA62F832ED48}.Debug|x64.Build.0 = Debug|iPhone
		{38C87877-BDED-46DB-AF5E-AA62F832ED48}.Debug|x64.Deploy.0 = Debug|iPhone
		{38C87877-BDED-46DB-AF5E-AA62F832ED48}.Debug|x86.ActiveCfg = Debug|iPhone
		{38C87877-BDED-46DB-AF5E-AA62F832ED48}.Debug|x86.Build.0 = Debug|iPhone
		{38C87877-BDED-46DB-AF5E-AA62F832ED48}.Debug|x86.Deploy.0 = Debug|iPhone
		{38C87877-BDED-46DB-AF5E-AA62F832ED48}.Release|Any CPU.ActiveCfg = Release|iPhone
		{38C87877-BDED-46DB-AF5E-AA62F832ED48}.Release|Any CPU.Build.0 = Release|iPhone
		{38C87877-BDED-46DB-AF5E-AA62F832ED48}.Release|Any CPU.Deploy.0 = Release|iPhone
		{38C87877-BDED-46DB-AF5E-AA62F832ED48}.Release|ARM.ActiveCfg = Release|iPhone
		{38C87877-BDED-46DB-AF5E-AA62F832ED48}.Release|ARM.Build.0 = Release|iPhone
		{38C87877-BDED-46DB-AF5E-AA62F832ED48}.Release|ARM.Deploy.0 = Release|iPhone
		{38C87877-BDED-46DB-AF5E-AA62F832ED48}.Release|iPhone.ActiveCfg = Release|iPhone
		{38C87877-BDED-46DB-AF5E-AA62F832ED48}.Release|iPhone.Build.0 = Release|iPhone
		{38C87877-BDED-46DB-AF5E-AA62F832ED48}.Release|iPhone.Deploy.0 = Release|iPhone
		{38C87877-BDED-46DB-AF5E-AA62F832ED48}.Release|iPhoneSimulator.ActiveCfg = Release|iPhoneSimulator
		{38C87877-BDED-46DB-AF5E-AA62F832ED48}.Release|iPhoneSimulator.Build.0 = Release|iPhoneSimulator
		{38C87877-BDED-46DB-AF5E-AA62F832ED48}.Release|iPhoneSimulator.Deploy.0 = Release|iPhoneSimulator
		{38C87877-BDED-46DB-AF5E-AA62F832ED48}.Release|x64.ActiveCfg = Release|iPhone
		{38C87877-BDED-46DB-AF5E-AA62F832ED48}.Release|x64.Build.0 = Release|iPhone
		{38C87877-BDED-46DB-AF5E-AA62F832ED48}.Release|x64.Deploy.0 = Release|iPhone
		{38C87877-BDED-46DB-AF5E-AA62F832ED48}.Release|x86.ActiveCfg = Release|iPhone
		{38C87877-BDED-46DB-AF5E-AA62F832ED48}.Release|x86.Build.0 = Release|iPhone
		{38C87877-BDED-46DB-AF5E-AA62F832ED48}.Release|x86.Deploy.0 = Release|iPhone
		{8130C8C7-1B99-4892-AA7C-EA93C88222A9}.Debug|Any CPU.ActiveCfg = Debug|Any CPU
		{8130C8C7-1B99-4892-AA7C-EA93C88222A9}.Debug|Any CPU.Build.0 = Debug|Any CPU
		{8130C8C7-1B99-4892-AA7C-EA93C88222A9}.Debug|Any CPU.Deploy.0 = Debug|Any CPU
		{8130C8C7-1B99-4892-AA7C-EA93C88222A9}.Debug|ARM.ActiveCfg = Debug|Any CPU
		{8130C8C7-1B99-4892-AA7C-EA93C88222A9}.Debug|ARM.Build.0 = Debug|Any CPU
		{8130C8C7-1B99-4892-AA7C-EA93C88222A9}.Debug|ARM.Deploy.0 = Debug|Any CPU
		{8130C8C7-1B99-4892-AA7C-EA93C88222A9}.Debug|iPhone.ActiveCfg = Debug|Any CPU
		{8130C8C7-1B99-4892-AA7C-EA93C88222A9}.Debug|iPhone.Build.0 = Debug|Any CPU
		{8130C8C7-1B99-4892-AA7C-EA93C88222A9}.Debug|iPhone.Deploy.0 = Debug|Any CPU
		{8130C8C7-1B99-4892-AA7C-EA93C88222A9}.Debug|iPhoneSimulator.ActiveCfg = Debug|Any CPU
		{8130C8C7-1B99-4892-AA7C-EA93C88222A9}.Debug|iPhoneSimulator.Build.0 = Debug|Any CPU
		{8130C8C7-1B99-4892-AA7C-EA93C88222A9}.Debug|iPhoneSimulator.Deploy.0 = Debug|Any CPU
		{8130C8C7-1B99-4892-AA7C-EA93C88222A9}.Debug|x64.ActiveCfg = Debug|Any CPU
		{8130C8C7-1B99-4892-AA7C-EA93C88222A9}.Debug|x64.Build.0 = Debug|Any CPU
		{8130C8C7-1B99-4892-AA7C-EA93C88222A9}.Debug|x64.Deploy.0 = Debug|Any CPU
		{8130C8C7-1B99-4892-AA7C-EA93C88222A9}.Debug|x86.ActiveCfg = Debug|Any CPU
		{8130C8C7-1B99-4892-AA7C-EA93C88222A9}.Debug|x86.Build.0 = Debug|Any CPU
		{8130C8C7-1B99-4892-AA7C-EA93C88222A9}.Debug|x86.Deploy.0 = Debug|Any CPU
		{8130C8C7-1B99-4892-AA7C-EA93C88222A9}.Release|Any CPU.ActiveCfg = Release|Any CPU
		{8130C8C7-1B99-4892-AA7C-EA93C88222A9}.Release|Any CPU.Build.0 = Release|Any CPU
		{8130C8C7-1B99-4892-AA7C-EA93C88222A9}.Release|Any CPU.Deploy.0 = Release|Any CPU
		{8130C8C7-1B99-4892-AA7C-EA93C88222A9}.Release|ARM.ActiveCfg = Release|Any CPU
		{8130C8C7-1B99-4892-AA7C-EA93C88222A9}.Release|ARM.Build.0 = Release|Any CPU
		{8130C8C7-1B99-4892-AA7C-EA93C88222A9}.Release|ARM.Deploy.0 = Release|Any CPU
		{8130C8C7-1B99-4892-AA7C-EA93C88222A9}.Release|iPhone.ActiveCfg = Release|Any CPU
		{8130C8C7-1B99-4892-AA7C-EA93C88222A9}.Release|iPhone.Build.0 = Release|Any CPU
		{8130C8C7-1B99-4892-AA7C-EA93C88222A9}.Release|iPhone.Deploy.0 = Release|Any CPU
		{8130C8C7-1B99-4892-AA7C-EA93C88222A9}.Release|iPhoneSimulator.ActiveCfg = Release|Any CPU
		{8130C8C7-1B99-4892-AA7C-EA93C88222A9}.Release|iPhoneSimulator.Build.0 = Release|Any CPU
		{8130C8C7-1B99-4892-AA7C-EA93C88222A9}.Release|iPhoneSimulator.Deploy.0 = Release|Any CPU
		{8130C8C7-1B99-4892-AA7C-EA93C88222A9}.Release|x64.ActiveCfg = Release|Any CPU
		{8130C8C7-1B99-4892-AA7C-EA93C88222A9}.Release|x64.Build.0 = Release|Any CPU
		{8130C8C7-1B99-4892-AA7C-EA93C88222A9}.Release|x64.Deploy.0 = Release|Any CPU
		{8130C8C7-1B99-4892-AA7C-EA93C88222A9}.Release|x86.ActiveCfg = Release|Any CPU
		{8130C8C7-1B99-4892-AA7C-EA93C88222A9}.Release|x86.Build.0 = Release|Any CPU
		{8130C8C7-1B99-4892-AA7C-EA93C88222A9}.Release|x86.Deploy.0 = Release|Any CPU
	EndGlobalSection
	GlobalSection(SolutionProperties) = preSolution
		HideSolutionNode = FALSE
	EndGlobalSection
	GlobalSection(ExtensibilityGlobals) = postSolution
		SolutionGuid = {762E9333-4E49-485A-8512-51C318F8CDC6}
	EndGlobalSection
EndGlobal
